
Microsoft Visual Studio Solution File, Format Version 12.00
# Visual Studio Version 17
VisualStudioVersion = 17.14.36119.2 d17.14
MinimumVisualStudioVersion = 10.0.40219.1
Project("{8BC9CEB8-8B4A-11D0-8D11-00A0C91BC942}") = "RepoCheat", "RepoCheat\RepoCheat.vcxproj", "{E70771DB-9B44-4924-92CB-F1A34FD01573}"
EndProject
Global
	GlobalSection(SolutionConfigurationPlatforms) = preSolution
		Free|x64 = Free|x64
		Free|x86 = Free|x86
		Nexus|x64 = Nexus|x64
		Nexus|x86 = Nexus|x86
		Premium|x64 = Premium|x64
		Premium|x86 = Premium|x86
	EndGlobalSection
	GlobalSection(ProjectConfigurationPlatforms) = postSolution
		{E70771DB-9B44-4924-92CB-F1A34FD01573}.Free|x64.ActiveCfg = Free|x64
		{E70771DB-9B44-4924-92CB-F1A34FD01573}.Free|x64.Build.0 = Free|x64
		{E70771DB-9B44-4924-92CB-F1A34FD01573}.Free|x86.ActiveCfg = Free|Win32
		{E70771DB-9B44-4924-92CB-F1A34FD01573}.Free|x86.Build.0 = Free|Win32
		{E70771DB-9B44-4924-92CB-F1A34FD01573}.Nexus|x64.ActiveCfg = Nexus|x64
		{E70771DB-9B44-4924-92CB-F1A34FD01573}.Nexus|x64.Build.0 = Nexus|x64
		{E70771DB-9B44-4924-92CB-F1A34FD01573}.Nexus|x86.ActiveCfg = Nexus|Win32
		{E70771DB-9B44-4924-92CB-F1A34FD01573}.Nexus|x86.Build.0 = Nexus|Win32
		{E70771DB-9B44-4924-92CB-F1A34FD01573}.Premium|x64.ActiveCfg = Premium|x64
		{E70771DB-9B44-4924-92CB-F1A34FD01573}.Premium|x64.Build.0 = Premium|x64
		{E70771DB-9B44-4924-92CB-F1A34FD01573}.Premium|x86.ActiveCfg = Premium|Win32
		{E70771DB-9B44-4924-92CB-F1A34FD01573}.Premium|x86.Build.0 = Premium|Win32
	EndGlobalSection
	GlobalSection(SolutionProperties) = preSolution
		HideSolutionNode = FALSE
	EndGlobalSection
	GlobalSection(ExtensibilityGlobals) = postSolution
		SolutionGuid = {8D53E4DD-818F-41EE-A55E-7C5390C323BF}
	EndGlobalSection
EndGlobal
